// !$*UTF8*$!
{
	archiveVersion = 1;
	classes = {
	};
	objectVersion = 50;
	objects = {

/* Begin PBXBuildFile section */
		9948BF172571FCA0008B2ACA /* CacheableImageView.swift in Sources */ = {isa = PBXBuildFile; fileRef = 9948BF162571FC9F008B2ACA /* CacheableImageView.swift */; };
		99BFCF63256F0F85001B1DC7 /* AppDelegate.swift in Sources */ = {isa = PBXBuildFile; fileRef = 99BFCF62256F0F85001B1DC7 /* AppDelegate.swift */; };
		99BFCF65256F0F85001B1DC7 /* SceneDelegate.swift in Sources */ = {isa = PBXBuildFile; fileRef = 99BFCF64256F0F85001B1DC7 /* SceneDelegate.swift */; };
		99BFCF67256F0F85001B1DC7 /* CountriesViewController.swift in Sources */ = {isa = PBXBuildFile; fileRef = 99BFCF66256F0F85001B1DC7 /* CountriesViewController.swift */; };
		99BFCF6A256F0F85001B1DC7 /* Main.storyboard in Resources */ = {isa = PBXBuildFile; fileRef = 99BFCF68256F0F85001B1DC7 /* Main.storyboard */; };
		99BFCF6C256F0F88001B1DC7 /* Assets.xcassets in Resources */ = {isa = PBXBuildFile; fileRef = 99BFCF6B256F0F88001B1DC7 /* Assets.xcassets */; };
		99BFCF6F256F0F88001B1DC7 /* LaunchScreen.storyboard in Resources */ = {isa = PBXBuildFile; fileRef = 99BFCF6D256F0F88001B1DC7 /* LaunchScreen.storyboard */; };
		99BFCF7A256F0F88001B1DC7 /* CountryFlagsTests.swift in Sources */ = {isa = PBXBuildFile; fileRef = 99BFCF79256F0F88001B1DC7 /* CountryFlagsTests.swift */; };
		99BFCF85256F0F88001B1DC7 /* CountryFlagsUITests.swift in Sources */ = {isa = PBXBuildFile; fileRef = 99BFCF84256F0F88001B1DC7 /* CountryFlagsUITests.swift */; };
		99BFCF99256F1006001B1DC7 /* CountriesDataSource.swift in Sources */ = {isa = PBXBuildFile; fileRef = 99BFCF98256F1006001B1DC7 /* CountriesDataSource.swift */; };
		99BFCF9E256F104F001B1DC7 /* Country.swift in Sources */ = {isa = PBXBuildFile; fileRef = 99BFCF9D256F104F001B1DC7 /* Country.swift */; };
		99BFCFA7256F41F4001B1DC7 /* Router.swift in Sources */ = {isa = PBXBuildFile; fileRef = 99BFCFA6256F41F4001B1DC7 /* Router.swift */; };
		99BFCFAC2571853A001B1DC7 /* NetworkService.swift in Sources */ = {isa = PBXBuildFile; fileRef = 99BFCFAB2571853A001B1DC7 /* NetworkService.swift */; };
		99BFCFB42571A3EC001B1DC7 /* CountryTableViewCell.swift in Sources */ = {isa = PBXBuildFile; fileRef = 99BFCFB32571A3EC001B1DC7 /* CountryTableViewCell.swift */; };
		99BFCFBC2571B351001B1DC7 /* Utils.swift in Sources */ = {isa = PBXBuildFile; fileRef = 99BFCFBB2571B351001B1DC7 /* Utils.swift */; };
		99BFCFDE2571C0F5001B1DC7 /* ImageCache.swift in Sources */ = {isa = PBXBuildFile; fileRef = 99BFCFDD2571C0F5001B1DC7 /* ImageCache.swift */; };
		99BFCFE62571CEBB001B1DC7 /* Localizable.strings in Resources */ = {isa = PBXBuildFile; fileRef = 99BFCFE52571CEBB001B1DC7 /* Localizable.strings */; };
/* End PBXBuildFile section */

/* Begin PBXContainerItemProxy section */
		99BFCF76256F0F88001B1DC7 /* PBXContainerItemProxy */ = {
			isa = PBXContainerItemProxy;
			containerPortal = 99BFCF57256F0F85001B1DC7 /* Project object */;
			proxyType = 1;
			remoteGlobalIDString = 99BFCF5E256F0F85001B1DC7;
			remoteInfo = CountryFlags;
		};
		99BFCF81256F0F88001B1DC7 /* PBXContainerItemProxy */ = {
			isa = PBXContainerItemProxy;
			containerPortal = 99BFCF57256F0F85001B1DC7 /* Project object */;
			proxyType = 1;
			remoteGlobalIDString = 99BFCF5E256F0F85001B1DC7;
			remoteInfo = CountryFlags;
		};
/* End PBXContainerItemProxy section */

/* Begin PBXFileReference section */
		9948BF162571FC9F008B2ACA /* CacheableImageView.swift */ = {isa = PBXFileReference; lastKnownFileType = sourcecode.swift; path = CacheableImageView.swift; sourceTree = "<group>"; };
		99BFCF5F256F0F85001B1DC7 /* CountryFlags.app */ = {isa = PBXFileReference; explicitFileType = wrapper.application; includeInIndex = 0; path = CountryFlags.app; sourceTree = BUILT_PRODUCTS_DIR; };
		99BFCF62256F0F85001B1DC7 /* AppDelegate.swift */ = {isa = PBXFileReference; lastKnownFileType = sourcecode.swift; path = AppDelegate.swift; sourceTree = "<group>"; };
		99BFCF64256F0F85001B1DC7 /* SceneDelegate.swift */ = {isa = PBXFileReference; lastKnownFileType = sourcecode.swift; path = SceneDelegate.swift; sourceTree = "<group>"; };
		99BFCF66256F0F85001B1DC7 /* CountriesViewController.swift */ = {isa = PBXFileReference; lastKnownFileType = sourcecode.swift; path = CountriesViewController.swift; sourceTree = "<group>"; };
		99BFCF69256F0F85001B1DC7 /* Base */ = {isa = PBXFileReference; lastKnownFileType = file.storyboard; name = Base; path = Base.lproj/Main.storyboard; sourceTree = "<group>"; };
		99BFCF6B256F0F88001B1DC7 /* Assets.xcassets */ = {isa = PBXFileReference; lastKnownFileType = folder.assetcatalog; path = Assets.xcassets; sourceTree = "<group>"; };
		99BFCF6E256F0F88001B1DC7 /* Base */ = {isa = PBXFileReference; lastKnownFileType = file.storyboard; name = Base; path = Base.lproj/LaunchScreen.storyboard; sourceTree = "<group>"; };
		99BFCF70256F0F88001B1DC7 /* Info.plist */ = {isa = PBXFileReference; lastKnownFileType = text.plist.xml; path = Info.plist; sourceTree = "<group>"; };
		99BFCF75256F0F88001B1DC7 /* CountryFlagsTests.xctest */ = {isa = PBXFileReference; explicitFileType = wrapper.cfbundle; includeInIndex = 0; path = CountryFlagsTests.xctest; sourceTree = BUILT_PRODUCTS_DIR; };
		99BFCF79256F0F88001B1DC7 /* CountryFlagsTests.swift */ = {isa = PBXFileReference; lastKnownFileType = sourcecode.swift; path = CountryFlagsTests.swift; sourceTree = "<group>"; };
		99BFCF7B256F0F88001B1DC7 /* Info.plist */ = {isa = PBXFileReference; lastKnownFileType = text.plist.xml; path = Info.plist; sourceTree = "<group>"; };
		99BFCF80256F0F88001B1DC7 /* CountryFlagsUITests.xctest */ = {isa = PBXFileReference; explicitFileType = wrapper.cfbundle; includeInIndex = 0; path = CountryFlagsUITests.xctest; sourceTree = BUILT_PRODUCTS_DIR; };
		99BFCF84256F0F88001B1DC7 /* CountryFlagsUITests.swift */ = {isa = PBXFileReference; lastKnownFileType = sourcecode.swift; path = CountryFlagsUITests.swift; sourceTree = "<group>"; };
		99BFCF86256F0F88001B1DC7 /* Info.plist */ = {isa = PBXFileReference; lastKnownFileType = text.plist.xml; path = Info.plist; sourceTree = "<group>"; };
		99BFCF98256F1006001B1DC7 /* CountriesDataSource.swift */ = {isa = PBXFileReference; lastKnownFileType = sourcecode.swift; path = CountriesDataSource.swift; sourceTree = "<group>"; };
		99BFCF9D256F104F001B1DC7 /* Country.swift */ = {isa = PBXFileReference; lastKnownFileType = sourcecode.swift; path = Country.swift; sourceTree = "<group>"; };
		99BFCFA6256F41F4001B1DC7 /* Router.swift */ = {isa = PBXFileReference; lastKnownFileType = sourcecode.swift; path = Router.swift; sourceTree = "<group>"; };
		99BFCFAB2571853A001B1DC7 /* NetworkService.swift */ = {isa = PBXFileReference; lastKnownFileType = sourcecode.swift; path = NetworkService.swift; sourceTree = "<group>"; };
		99BFCFB32571A3EC001B1DC7 /* CountryTableViewCell.swift */ = {isa = PBXFileReference; lastKnownFileType = sourcecode.swift; path = CountryTableViewCell.swift; sourceTree = "<group>"; };
		99BFCFBB2571B351001B1DC7 /* Utils.swift */ = {isa = PBXFileReference; lastKnownFileType = sourcecode.swift; path = Utils.swift; sourceTree = "<group>"; };
		99BFCFDD2571C0F5001B1DC7 /* ImageCache.swift */ = {isa = PBXFileReference; lastKnownFileType = sourcecode.swift; path = ImageCache.swift; sourceTree = "<group>"; };
		99BFCFE52571CEBB001B1DC7 /* Localizable.strings */ = {isa = PBXFileReference; lastKnownFileType = text.plist.strings; path = Localizable.strings; sourceTree = "<group>"; };
/* End PBXFileReference section */

/* Begin PBXFrameworksBuildPhase section */
		99BFCF5C256F0F85001B1DC7 /* Frameworks */ = {
			isa = PBXFrameworksBuildPhase;
			buildActionMask = 2147483647;
			files = (
			);
			runOnlyForDeploymentPostprocessing = 0;
		};
		99BFCF72256F0F88001B1DC7 /* Frameworks */ = {
			isa = PBXFrameworksBuildPhase;
			buildActionMask = 2147483647;
			files = (
			);
			runOnlyForDeploymentPostprocessing = 0;
		};
		99BFCF7D256F0F88001B1DC7 /* Frameworks */ = {
			isa = PBXFrameworksBuildPhase;
			buildActionMask = 2147483647;
			files = (
			);
			runOnlyForDeploymentPostprocessing = 0;
		};
/* End PBXFrameworksBuildPhase section */

/* Begin PBXGroup section */
		99BFCF56256F0F85001B1DC7 = {
			isa = PBXGroup;
			children = (
				99BFCF61256F0F85001B1DC7 /* CountryFlags */,
				99BFCF78256F0F88001B1DC7 /* CountryFlagsTests */,
				99BFCF83256F0F88001B1DC7 /* CountryFlagsUITests */,
				99BFCF60256F0F85001B1DC7 /* Products */,
			);
			sourceTree = "<group>";
		};
		99BFCF60256F0F85001B1DC7 /* Products */ = {
			isa = PBXGroup;
			children = (
				99BFCF5F256F0F85001B1DC7 /* CountryFlags.app */,
				99BFCF75256F0F88001B1DC7 /* CountryFlagsTests.xctest */,
				99BFCF80256F0F88001B1DC7 /* CountryFlagsUITests.xctest */,
			);
			name = Products;
			sourceTree = "<group>";
		};
		99BFCF61256F0F85001B1DC7 /* CountryFlags */ = {
			isa = PBXGroup;
			children = (
				99BFCF62256F0F85001B1DC7 /* AppDelegate.swift */,
				99BFCF64256F0F85001B1DC7 /* SceneDelegate.swift */,
				99BFCFC42571B5AC001B1DC7 /* View */,
				99BFCFA2256F41E4001B1DC7 /* Model */,
				99BFCF70256F0F88001B1DC7 /* Info.plist */,
				99BFCFC02571B587001B1DC7 /* Resources */,
			);
			path = CountryFlags;
			sourceTree = "<group>";
		};
		99BFCF78256F0F88001B1DC7 /* CountryFlagsTests */ = {
			isa = PBXGroup;
			children = (
				99BFCF79256F0F88001B1DC7 /* CountryFlagsTests.swift */,
				99BFCF7B256F0F88001B1DC7 /* Info.plist */,
			);
			path = CountryFlagsTests;
			sourceTree = "<group>";
		};
		99BFCF83256F0F88001B1DC7 /* CountryFlagsUITests */ = {
			isa = PBXGroup;
			children = (
				99BFCF84256F0F88001B1DC7 /* CountryFlagsUITests.swift */,
				99BFCF86256F0F88001B1DC7 /* Info.plist */,
			);
			path = CountryFlagsUITests;
			sourceTree = "<group>";
		};
		99BFCFA2256F41E4001B1DC7 /* Model */ = {
			isa = PBXGroup;
			children = (
				99BFCF9D256F104F001B1DC7 /* Country.swift */,
				99BFCF98256F1006001B1DC7 /* CountriesDataSource.swift */,
				99BFCFDD2571C0F5001B1DC7 /* ImageCache.swift */,
				99BFCFAB2571853A001B1DC7 /* NetworkService.swift */,
				99BFCFA6256F41F4001B1DC7 /* Router.swift */,
			);
			path = Model;
			sourceTree = "<group>";
		};
		99BFCFC02571B587001B1DC7 /* Resources */ = {
			isa = PBXGroup;
			children = (
				99BFCF68256F0F85001B1DC7 /* Main.storyboard */,
				99BFCF6B256F0F88001B1DC7 /* Assets.xcassets */,
				99BFCF6D256F0F88001B1DC7 /* LaunchScreen.storyboard */,
				99BFCFE52571CEBB001B1DC7 /* Localizable.strings */,
			);
			path = Resources;
			sourceTree = "<group>";
		};
		99BFCFC42571B5AC001B1DC7 /* View */ = {
			isa = PBXGroup;
			children = (
				9948BF162571FC9F008B2ACA /* CacheableImageView.swift */,
				99BFCFB32571A3EC001B1DC7 /* CountryTableViewCell.swift */,
				99BFCF66256F0F85001B1DC7 /* CountriesViewController.swift */,
				99BFCFBB2571B351001B1DC7 /* Utils.swift */,
			);
			path = View;
			sourceTree = "<group>";
		};
/* End PBXGroup section */

/* Begin PBXNativeTarget section */
		99BFCF5E256F0F85001B1DC7 /* CountryFlags */ = {
			isa = PBXNativeTarget;
			buildConfigurationList = 99BFCF89256F0F88001B1DC7 /* Build configuration list for PBXNativeTarget "CountryFlags" */;
			buildPhases = (
				99BFCF5B256F0F85001B1DC7 /* Sources */,
				99BFCF5C256F0F85001B1DC7 /* Frameworks */,
				99BFCF5D256F0F85001B1DC7 /* Resources */,
			);
			buildRules = (
			);
			dependencies = (
			);
			name = CountryFlags;
			productName = CountryFlags;
			productReference = 99BFCF5F256F0F85001B1DC7 /* CountryFlags.app */;
			productType = "com.apple.product-type.application";
		};
		99BFCF74256F0F88001B1DC7 /* CountryFlagsTests */ = {
			isa = PBXNativeTarget;
			buildConfigurationList = 99BFCF8C256F0F88001B1DC7 /* Build configuration list for PBXNativeTarget "CountryFlagsTests" */;
			buildPhases = (
				99BFCF71256F0F88001B1DC7 /* Sources */,
				99BFCF72256F0F88001B1DC7 /* Frameworks */,
				99BFCF73256F0F88001B1DC7 /* Resources */,
			);
			buildRules = (
			);
			dependencies = (
				99BFCF77256F0F88001B1DC7 /* PBXTargetDependency */,
			);
			name = CountryFlagsTests;
			productName = CountryFlagsTests;
			productReference = 99BFCF75256F0F88001B1DC7 /* CountryFlagsTests.xctest */;
			productType = "com.apple.product-type.bundle.unit-test";
		};
		99BFCF7F256F0F88001B1DC7 /* CountryFlagsUITests */ = {
			isa = PBXNativeTarget;
			buildConfigurationList = 99BFCF8F256F0F88001B1DC7 /* Build configuration list for PBXNativeTarget "CountryFlagsUITests" */;
			buildPhases = (
				99BFCF7C256F0F88001B1DC7 /* Sources */,
				99BFCF7D256F0F88001B1DC7 /* Frameworks */,
				99BFCF7E256F0F88001B1DC7 /* Resources */,
			);
			buildRules = (
			);
			dependencies = (
				99BFCF82256F0F88001B1DC7 /* PBXTargetDependency */,
			);
			name = CountryFlagsUITests;
			productName = CountryFlagsUITests;
			productReference = 99BFCF80256F0F88001B1DC7 /* CountryFlagsUITests.xctest */;
			productType = "com.apple.product-type.bundle.ui-testing";
		};
/* End PBXNativeTarget section */

/* Begin PBXProject section */
		99BFCF57256F0F85001B1DC7 /* Project object */ = {
			isa = PBXProject;
			attributes = {
				LastSwiftUpdateCheck = 1200;
				LastUpgradeCheck = 1200;
				TargetAttributes = {
					99BFCF5E256F0F85001B1DC7 = {
						CreatedOnToolsVersion = 12.0.1;
					};
					99BFCF74256F0F88001B1DC7 = {
						CreatedOnToolsVersion = 12.0.1;
						TestTargetID = 99BFCF5E256F0F85001B1DC7;
					};
					99BFCF7F256F0F88001B1DC7 = {
						CreatedOnToolsVersion = 12.0.1;
						TestTargetID = 99BFCF5E256F0F85001B1DC7;
					};
				};
			};
			buildConfigurationList = 99BFCF5A256F0F85001B1DC7 /* Build configuration list for PBXProject "CountryFlags" */;
			compatibilityVersion = "Xcode 9.3";
			developmentRegion = en;
			hasScannedForEncodings = 0;
			knownRegions = (
				en,
				Base,
			);
			mainGroup = 99BFCF56256F0F85001B1DC7;
			productRefGroup = 99BFCF60256F0F85001B1DC7 /* Products */;
			projectDirPath = "";
			projectRoot = "";
			targets = (
				99BFCF5E256F0F85001B1DC7 /* CountryFlags */,
				99BFCF74256F0F88001B1DC7 /* CountryFlagsTests */,
				99BFCF7F256F0F88001B1DC7 /* CountryFlagsUITests */,
			);
		};
/* End PBXProject section */

/* Begin PBXResourcesBuildPhase section */
		99BFCF5D256F0F85001B1DC7 /* Resources */ = {
			isa = PBXResourcesBuildPhase;
			buildActionMask = 2147483647;
			files = (
				99BFCF6F256F0F88001B1DC7 /* LaunchScreen.storyboard in Resources */,
				99BFCFE62571CEBB001B1DC7 /* Localizable.strings in Resources */,
				99BFCF6C256F0F88001B1DC7 /* Assets.xcassets in Resources */,
				99BFCF6A256F0F85001B1DC7 /* Main.storyboard in Resources */,
			);
			runOnlyForDeploymentPostprocessing = 0;
		};
		99BFCF73256F0F88001B1DC7 /* Resources */ = {
			isa = PBXResourcesBuildPhase;
			buildActionMask = 2147483647;
			files = (
			);
			runOnlyForDeploymentPostprocessing = 0;
		};
		99BFCF7E256F0F88001B1DC7 /* Resources */ = {
			isa = PBXResourcesBuildPhase;
			buildActionMask = 2147483647;
			files = (
			);
			runOnlyForDeploymentPostprocessing = 0;
		};
/* End PBXResourcesBuildPhase section */

/* Begin PBXSourcesBuildPhase section */
		99BFCF5B256F0F85001B1DC7 /* Sources */ = {
			isa = PBXSourcesBuildPhase;
			buildActionMask = 2147483647;
			files = (
				99BFCFDE2571C0F5001B1DC7 /* ImageCache.swift in Sources */,
				99BFCF67256F0F85001B1DC7 /* CountriesViewController.swift in Sources */,
				9948BF172571FCA0008B2ACA /* CacheableImageView.swift in Sources */,
				99BFCF63256F0F85001B1DC7 /* AppDelegate.swift in Sources */,
				99BFCFBC2571B351001B1DC7 /* Utils.swift in Sources */,
				99BFCF65256F0F85001B1DC7 /* SceneDelegate.swift in Sources */,
				99BFCF9E256F104F001B1DC7 /* Country.swift in Sources */,
				99BFCFB42571A3EC001B1DC7 /* CountryTableViewCell.swift in Sources */,
				99BFCFA7256F41F4001B1DC7 /* Router.swift in Sources */,
				99BFCF99256F1006001B1DC7 /* CountriesDataSource.swift in Sources */,
				99BFCFAC2571853A001B1DC7 /* NetworkService.swift in Sources */,
			);
			runOnlyForDeploymentPostprocessing = 0;
		};
		99BFCF71256F0F88001B1DC7 /* Sources */ = {
			isa = PBXSourcesBuildPhase;
			buildActionMask = 2147483647;
			files = (
				99BFCF7A256F0F88001B1DC7 /* CountryFlagsTests.swift in Sources */,
			);
			runOnlyForDeploymentPostprocessing = 0;
		};
		99BFCF7C256F0F88001B1DC7 /* Sources */ = {
			isa = PBXSourcesBuildPhase;
			buildActionMask = 2147483647;
			files = (
				99BFCF85256F0F88001B1DC7 /* CountryFlagsUITests.swift in Sources */,
			);
			runOnlyForDeploymentPostprocessing = 0;
		};
/* End PBXSourcesBuildPhase section */

/* Begin PBXTargetDependency section */
		99BFCF77256F0F88001B1DC7 /* PBXTargetDependency */ = {
			isa = PBXTargetDependency;
			target = 99BFCF5E256F0F85001B1DC7 /* CountryFlags */;
			targetProxy = 99BFCF76256F0F88001B1DC7 /* PBXContainerItemProxy */;
		};
		99BFCF82256F0F88001B1DC7 /* PBXTargetDependency */ = {
			isa = PBXTargetDependency;
			target = 99BFCF5E256F0F85001B1DC7 /* CountryFlags */;
			targetProxy = 99BFCF81256F0F88001B1DC7 /* PBXContainerItemProxy */;
		};
/* End PBXTargetDependency section */

/* Begin PBXVariantGroup section */
		99BFCF68256F0F85001B1DC7 /* Main.storyboard */ = {
			isa = PBXVariantGroup;
			children = (
				99BFCF69256F0F85001B1DC7 /* Base */,
			);
			name = Main.storyboard;
			sourceTree = "<group>";
		};
		99BFCF6D256F0F88001B1DC7 /* LaunchScreen.storyboard */ = {
			isa = PBXVariantGroup;
			children = (
				99BFCF6E256F0F88001B1DC7 /* Base */,
			);
			name = LaunchScreen.storyboard;
			sourceTree = "<group>";
		};
/* End PBXVariantGroup section */

/* Begin XCBuildConfiguration section */
		99BFCF87256F0F88001B1DC7 /* Debug */ = {
			isa = XCBuildConfiguration;
			buildSettings = {
				ALWAYS_SEARCH_USER_PATHS = NO;
				CLANG_ANALYZER_NONNULL = YES;
				CLANG_ANALYZER_NUMBER_OBJECT_CONVERSION = YES_AGGRESSIVE;
				CLANG_CXX_LANGUAGE_STANDARD = "gnu++14";
				CLANG_CXX_LIBRARY = "libc++";
				CLANG_ENABLE_MODULES = YES;
				CLANG_ENABLE_OBJC_ARC = YES;
				CLANG_ENABLE_OBJC_WEAK = YES;
				CLANG_WARN_BLOCK_CAPTURE_AUTORELEASING = YES;
				CLANG_WARN_BOOL_CONVERSION = YES;
				CLANG_WARN_COMMA = YES;
				CLANG_WARN_CONSTANT_CONVERSION = YES;
				CLANG_WARN_DEPRECATED_OBJC_IMPLEMENTATIONS = YES;
				CLANG_WARN_DIRECT_OBJC_ISA_USAGE = YES_ERROR;
				CLANG_WARN_DOCUMENTATION_COMMENTS = YES;
				CLANG_WARN_EMPTY_BODY = YES;
				CLANG_WARN_ENUM_CONVERSION = YES;
				CLANG_WARN_INFINITE_RECURSION = YES;
				CLANG_WARN_INT_CONVERSION = YES;
				CLANG_WARN_NON_LITERAL_NULL_CONVERSION = YES;
				CLANG_WARN_OBJC_IMPLICIT_RETAIN_SELF = YES;
				CLANG_WARN_OBJC_LITERAL_CONVERSION = YES;
				CLANG_WARN_OBJC_ROOT_CLASS = YES_ERROR;
				CLANG_WARN_QUOTED_INCLUDE_IN_FRAMEWORK_HEADER = YES;
				CLANG_WARN_RANGE_LOOP_ANALYSIS = YES;
				CLANG_WARN_STRICT_PROTOTYPES = YES;
				CLANG_WARN_SUSPICIOUS_MOVE = YES;
				CLANG_WARN_UNGUARDED_AVAILABILITY = YES_AGGRESSIVE;
				CLANG_WARN_UNREACHABLE_CODE = YES;
				CLANG_WARN__DUPLICATE_METHOD_MATCH = YES;
				COPY_PHASE_STRIP = NO;
				DEBUG_INFORMATION_FORMAT = dwarf;
				ENABLE_STRICT_OBJC_MSGSEND = YES;
				ENABLE_TESTABILITY = YES;
				GCC_C_LANGUAGE_STANDARD = gnu11;
				GCC_DYNAMIC_NO_PIC = NO;
				GCC_NO_COMMON_BLOCKS = YES;
				GCC_OPTIMIZATION_LEVEL = 0;
				GCC_PREPROCESSOR_DEFINITIONS = (
					"DEBUG=1",
					"$(inherited)",
				);
				GCC_WARN_64_TO_32_BIT_CONVERSION = YES;
				GCC_WARN_ABOUT_RETURN_TYPE = YES_ERROR;
				GCC_WARN_UNDECLARED_SELECTOR = YES;
				GCC_WARN_UNINITIALIZED_AUTOS = YES_AGGRESSIVE;
				GCC_WARN_UNUSED_FUNCTION = YES;
				GCC_WARN_UNUSED_VARIABLE = YES;
				IPHONEOS_DEPLOYMENT_TARGET = 14.0;
				MTL_ENABLE_DEBUG_INFO = INCLUDE_SOURCE;
				MTL_FAST_MATH = YES;
				ONLY_ACTIVE_ARCH = YES;
				SDKROOT = iphoneos;
				SWIFT_ACTIVE_COMPILATION_CONDITIONS = DEBUG;
				SWIFT_OPTIMIZATION_LEVEL = "-Onone";
			};
			name = Debug;
		};
		99BFCF88256F0F88001B1DC7 /* Release */ = {
			isa = XCBuildConfiguration;
			buildSettings = {
				ALWAYS_SEARCH_USER_PATHS = NO;
				CLANG_ANALYZER_NONNULL = YES;
				CLANG_ANALYZER_NUMBER_OBJECT_CONVERSION = YES_AGGRESSIVE;
				CLANG_CXX_LANGUAGE_STANDARD = "gnu++14";
				CLANG_CXX_LIBRARY = "libc++";
				CLANG_ENABLE_MODULES = YES;
				CLANG_ENABLE_OBJC_ARC = YES;
				CLANG_ENABLE_OBJC_WEAK = YES;
				CLANG_WARN_BLOCK_CAPTURE_AUTORELEASING = YES;
				CLANG_WARN_BOOL_CONVERSION = YES;
				CLANG_WARN_COMMA = YES;
				CLANG_WARN_CONSTANT_CONVERSION = YES;
				CLANG_WARN_DEPRECATED_OBJC_IMPLEMENTATIONS = YES;
				CLANG_WARN_DIRECT_OBJC_ISA_USAGE = YES_ERROR;
				CLANG_WARN_DOCUMENTATION_COMMENTS = YES;
				CLANG_WARN_EMPTY_BODY = YES;
				CLANG_WARN_ENUM_CONVERSION = YES;
				CLANG_WARN_INFINITE_RECURSION = YES;
				CLANG_WARN_INT_CONVERSION = YES;
				CLANG_WARN_NON_LITERAL_NULL_CONVERSION = YES;
				CLANG_WARN_OBJC_IMPLICIT_RETAIN_SELF = YES;
				CLANG_WARN_OBJC_LITERAL_CONVERSION = YES;
				CLANG_WARN_OBJC_ROOT_CLASS = YES_ERROR;
				CLANG_WARN_QUOTED_INCLUDE_IN_FRAMEWORK_HEADER = YES;
				CLANG_WARN_RANGE_LOOP_ANALYSIS = YES;
				CLANG_WARN_STRICT_PROTOTYPES = YES;
				CLANG_WARN_SUSPICIOUS_MOVE = YES;
				CLANG_WARN_UNGUARDED_AVAILABILITY = YES_AGGRESSIVE;
				CLANG_WARN_UNREACHABLE_CODE = YES;
				CLANG_WARN__DUPLICATE_METHOD_MATCH = YES;
				COPY_PHASE_STRIP = NO;
				DEBUG_INFORMATION_FORMAT = "dwarf-with-dsym";
				ENABLE_NS_ASSERTIONS = NO;
				ENABLE_STRICT_OBJC_MSGSEND = YES;
				GCC_C_LANGUAGE_STANDARD = gnu11;
				GCC_NO_COMMON_BLOCKS = YES;
				GCC_WARN_64_TO_32_BIT_CONVERSION = YES;
				GCC_WARN_ABOUT_RETURN_TYPE = YES_ERROR;
				GCC_WARN_UNDECLARED_SELECTOR = YES;
				GCC_WARN_UNINITIALIZED_AUTOS = YES_AGGRESSIVE;
				GCC_WARN_UNUSED_FUNCTION = YES;
				GCC_WARN_UNUSED_VARIABLE = YES;
				IPHONEOS_DEPLOYMENT_TARGET = 14.0;
				MTL_ENABLE_DEBUG_INFO = NO;
				MTL_FAST_MATH = YES;
				SDKROOT = iphoneos;
				SWIFT_COMPILATION_MODE = wholemodule;
				SWIFT_OPTIMIZATION_LEVEL = "-O";
				VALIDATE_PRODUCT = YES;
			};
			name = Release;
		};
		99BFCF8A256F0F88001B1DC7 /* Debug */ = {
			isa = XCBuildConfiguration;
			buildSettings = {
				ASSETCATALOG_COMPILER_APPICON_NAME = AppIcon;
				ASSETCATALOG_COMPILER_GLOBAL_ACCENT_COLOR_NAME = AccentColor;
				CODE_SIGN_STYLE = Automatic;
				DEVELOPMENT_TEAM = 8K928H3KGT;
				INFOPLIST_FILE = CountryFlags/Info.plist;
				LD_RUNPATH_SEARCH_PATHS = (
					"$(inherited)",
					"@executable_path/Frameworks",
				);
				PRODUCT_BUNDLE_IDENTIFIER = reschneebaum.CountryFlags;
				PRODUCT_NAME = "$(TARGET_NAME)";
				SWIFT_VERSION = 5.0;
				TARGETED_DEVICE_FAMILY = "1,2";
			};
			name = Debug;
		};
		99BFCF8B256F0F88001B1DC7 /* Release */ = {
			isa = XCBuildConfiguration;
			buildSettings = {
				ASSETCATALOG_COMPILER_APPICON_NAME = AppIcon;
				ASSETCATALOG_COMPILER_GLOBAL_ACCENT_COLOR_NAME = AccentColor;
				CODE_SIGN_STYLE = Automatic;
				DEVELOPMENT_TEAM = 8K928H3KGT;
				INFOPLIST_FILE = CountryFlags/Info.plist;
				LD_RUNPATH_SEARCH_PATHS = (
					"$(inherited)",
					"@executable_path/Frameworks",
				);
				PRODUCT_BUNDLE_IDENTIFIER = reschneebaum.CountryFlags;
				PRODUCT_NAME = "$(TARGET_NAME)";
				SWIFT_VERSION = 5.0;
				TARGETED_DEVICE_FAMILY = "1,2";
			};
			name = Release;
		};
		99BFCF8D256F0F88001B1DC7 /* Debug */ = {
			isa = XCBuildConfiguration;
			buildSettings = {
				ALWAYS_EMBED_SWIFT_STANDARD_LIBRARIES = YES;
				BUNDLE_LOADER = "$(TEST_HOST)";
				CODE_SIGN_STYLE = Automatic;
				DEVELOPMENT_TEAM = 8K928H3KGT;
				INFOPLIST_FILE = CountryFlagsTests/Info.plist;
				IPHONEOS_DEPLOYMENT_TARGET = 14.0;
				LD_RUNPATH_SEARCH_PATHS = (
					"$(inherited)",
					"@executable_path/Frameworks",
					"@loader_path/Frameworks",
				);
				PRODUCT_BUNDLE_IDENTIFIER = reschneebaum.CountryFlagsTests;
				PRODUCT_NAME = "$(TARGET_NAME)";
				SWIFT_VERSION = 5.0;
				TARGETED_DEVICE_FAMILY = "1,2";
				TEST_HOST = "$(BUILT_PRODUCTS_DIR)/CountryFlags.app/CountryFlags";
			};
			name = Debug;
		};
		99BFCF8E256F0F88001B1DC7 /* Release */ = {
			isa = XCBuildConfiguration;
			buildSettings = {
				ALWAYS_EMBED_SWIFT_STANDARD_LIBRARIES = YES;
				BUNDLE_LOADER = "$(TEST_HOST)";
				CODE_SIGN_STYLE = Automatic;
				DEVELOPMENT_TEAM = 8K928H3KGT;
				INFOPLIST_FILE = CountryFlagsTests/Info.plist;
				IPHONEOS_DEPLOYMENT_TARGET = 14.0;
				LD_RUNPATH_SEARCH_PATHS = (
					"$(inherited)",
					"@executable_path/Frameworks",
					"@loader_path/Frameworks",
				);
				PRODUCT_BUNDLE_IDENTIFIER = reschneebaum.CountryFlagsTests;
				PRODUCT_NAME = "$(TARGET_NAME)";
				SWIFT_VERSION = 5.0;
				TARGETED_DEVICE_FAMILY = "1,2";
				TEST_HOST = "$(BUILT_PRODUCTS_DIR)/CountryFlags.app/CountryFlags";
			};
			name = Release;
		};
		99BFCF90256F0F88001B1DC7 /* Debug */ = {
			isa = XCBuildConfiguration;
			buildSettings = {
				ALWAYS_EMBED_SWIFT_STANDARD_LIBRARIES = YES;
				CODE_SIGN_STYLE = Automatic;
				DEVELOPMENT_TEAM = 8K928H3KGT;
				INFOPLIST_FILE = CountryFlagsUITests/Info.plist;
				LD_RUNPATH_SEARCH_PATHS = (
					"$(inherited)",
					"@executable_path/Frameworks",
					"@loader_path/Frameworks",
				);
				PRODUCT_BUNDLE_IDENTIFIER = reschneebaum.CountryFlagsUITests;
				PRODUCT_NAME = "$(TARGET_NAME)";
				SWIFT_VERSION = 5.0;
				TARGETED_DEVICE_FAMILY = "1,2";
				TEST_TARGET_NAME = CountryFlags;
			};
			name = Debug;
		};
		99BFCF91256F0F88001B1DC7 /* Release */ = {
			isa = XCBuildConfiguration;
			buildSettings = {
				ALWAYS_EMBED_SWIFT_STANDARD_LIBRARIES = YES;
				CODE_SIGN_STYLE = Automatic;
				DEVELOPMENT_TEAM = 8K928H3KGT;
				INFOPLIST_FILE = CountryFlagsUITests/Info.plist;
				LD_RUNPATH_SEARCH_PATHS = (
					"$(inherited)",
					"@executable_path/Frameworks",
					"@loader_path/Frameworks",
				);
				PRODUCT_BUNDLE_IDENTIFIER = reschneebaum.CountryFlagsUITests;
				PRODUCT_NAME = "$(TARGET_NAME)";
				SWIFT_VERSION = 5.0;
				TARGETED_DEVICE_FAMILY = "1,2";
				TEST_TARGET_NAME = CountryFlags;
			};
			name = Release;
		};
/* End XCBuildConfiguration section */

/* Begin XCConfigurationList section */
		99BFCF5A256F0F85001B1DC7 /* Build configuration list for PBXProject "CountryFlags" */ = {
			isa = XCConfigurationList;
			buildConfigurations = (
				99BFCF87256F0F88001B1DC7 /* Debug */,
				99BFCF88256F0F88001B1DC7 /* Release */,
			);
			defaultConfigurationIsVisible = 0;
			defaultConfigurationName = Release;
		};
		99BFCF89256F0F88001B1DC7 /* Build configuration list for PBXNativeTarget "CountryFlags" */ = {
			isa = XCConfigurationList;
			buildConfigurations = (
				99BFCF8A256F0F88001B1DC7 /* Debug */,
				99BFCF8B256F0F88001B1DC7 /* Release */,
			);
			defaultConfigurationIsVisible = 0;
			defaultConfigurationName = Release;
		};
		99BFCF8C256F0F88001B1DC7 /* Build configuration list for PBXNativeTarget "CountryFlagsTests" */ = {
			isa = XCConfigurationList;
			buildConfigurations = (
				99BFCF8D256F0F88001B1DC7 /* Debug */,
				99BFCF8E256F0F88001B1DC7 /* Release */,
			);
			defaultConfigurationIsVisible = 0;
			defaultConfigurationName = Release;
		};
		99BFCF8F256F0F88001B1DC7 /* Build configuration list for PBXNativeTarget "CountryFlagsUITests" */ = {
			isa = XCConfigurationList;
			buildConfigurations = (
				99BFCF90256F0F88001B1DC7 /* Debug */,
				99BFCF91256F0F88001B1DC7 /* Release */,
			);
			defaultConfigurationIsVisible = 0;
			defaultConfigurationName = Release;
		};
/* End XCConfigurationList section */
	};
	rootObject = 99BFCF57256F0F85001B1DC7 /* Project object */;
}
